
Microsoft Visual Studio Solution File, Format Version 12.00
# Visual Studio Version 17
VisualStudioVersion = 17.0.32112.339
MinimumVisualStudioVersion = 10.0.40219.1
Project("{9A19103F-16F7-4668-BE54-9A1E7A4F7556}") = "CalendarRestApi", "CalendarRestApi.csproj", "{3778CA18-CF41-4793-9401-5278720E8BD5}"
EndProject
Project("{FAE04EC0-301F-11D3-BF4B-00C04F79EFBC}") = "CalendarRestApiTests", "..\CalendarRestApiTests\CalendarRestApiTests.csproj", "{77AA58A1-E4EE-4A85-8E85-05C8589ED7EF}"
EndProject
Global
	GlobalSection(SolutionConfigurationPlatforms) = preSolution
		Debug|Any CPU = Debug|Any CPU
		Release|Any CPU = Release|Any CPU
	EndGlobalSection
	GlobalSection(ProjectConfigurationPlatforms) = postSolution
		{3778CA18-CF41-4793-9401-5278720E8BD5}.Debug|Any CPU.ActiveCfg = Debug|Any CPU
		{3778CA18-CF41-4793-9401-5278720E8BD5}.Debug|Any CPU.Build.0 = Debug|Any CPU
		{3778CA18-CF41-4793-9401-5278720E8BD5}.Release|Any CPU.ActiveCfg = Release|Any CPU
		{3778CA18-CF41-4793-9401-5278720E8BD5}.Release|Any CPU.Build.0 = Release|Any CPU
		{77AA58A1-E4EE-4A85-8E85-05C8589ED7EF}.Debug|Any CPU.ActiveCfg = Debug|Any CPU
		{77AA58A1-E4EE-4A85-8E85-05C8589ED7EF}.Debug|Any CPU.Build.0 = Debug|Any CPU
		{77AA58A1-E4EE-4A85-8E85-05C8589ED7EF}.Release|Any CPU.ActiveCfg = Release|Any CPU
		{77AA58A1-E4EE-4A85-8E85-05C8589ED7EF}.Release|Any CPU.Build.0 = Release|Any CPU
	EndGlobalSection
	GlobalSection(SolutionProperties) = preSolution
		HideSolutionNode = FALSE
	EndGlobalSection
	GlobalSection(ExtensibilityGlobals) = postSolution
		SolutionGuid = {DCB1B361-7CA5-4D17-BC85-60EA22A0B9E5}
	EndGlobalSection
EndGlobal
